
Microsoft Visual Studio Solution File, Format Version 12.00
# Visual Studio 14
VisualStudioVersion = 14.0.25420.1
MinimumVisualStudioVersion = 10.0.40219.1
Project("{FAE04EC0-301F-11D3-BF4B-00C04F79EFBC}") = "Croese.Fractals.TurtleGraphics", "Croese.Fractals.TurtleGraphics\Croese.Fractals.TurtleGraphics.csproj", "{C1F95027-58AC-4520-B7F4-C16546F405F6}"
EndProject
Project("{FAE04EC0-301F-11D3-BF4B-00C04F79EFBC}") = "Croese.Fractals.Tests", "Croese.Fractals.Tests\Croese.Fractals.Tests.csproj", "{6D9735FE-6ECC-42A8-90E8-25FBAC81B41D}"
EndProject
Project("{FAE04EC0-301F-11D3-BF4B-00C04F79EFBC}") = "Croese.Fractals.LSystem", "Croese.Fractals.LSystem\Croese.Fractals.LSystem.csproj", "{A108C7D0-3DD8-479E-8E13-D979874CBD74}"
EndProject
Global
	GlobalSection(SolutionConfigurationPlatforms) = preSolution
		Debug|Any CPU = Debug|Any CPU
		Release|Any CPU = Release|Any CPU
	EndGlobalSection
	GlobalSection(ProjectConfigurationPlatforms) = postSolution
		{C1F95027-58AC-4520-B7F4-C16546F405F6}.Debug|Any CPU.ActiveCfg = Debug|Any CPU
		{C1F95027-58AC-4520-B7F4-C16546F405F6}.Debug|Any CPU.Build.0 = Debug|Any CPU
		{C1F95027-58AC-4520-B7F4-C16546F405F6}.Release|Any CPU.ActiveCfg = Release|Any CPU
		{C1F95027-58AC-4520-B7F4-C16546F405F6}.Release|Any CPU.Build.0 = Release|Any CPU
		{6D9735FE-6ECC-42A8-90E8-25FBAC81B41D}.Debug|Any CPU.ActiveCfg = Debug|Any CPU
		{6D9735FE-6ECC-42A8-90E8-25FBAC81B41D}.Debug|Any CPU.Build.0 = Debug|Any CPU
		{6D9735FE-6ECC-42A8-90E8-25FBAC81B41D}.Release|Any CPU.ActiveCfg = Release|Any CPU
		{6D9735FE-6ECC-42A8-90E8-25FBAC81B41D}.Release|Any CPU.Build.0 = Release|Any CPU
		{A108C7D0-3DD8-479E-8E13-D979874CBD74}.Debug|Any CPU.ActiveCfg = Debug|Any CPU
		{A108C7D0-3DD8-479E-8E13-D979874CBD74}.Debug|Any CPU.Build.0 = Debug|Any CPU
		{A108C7D0-3DD8-479E-8E13-D979874CBD74}.Release|Any CPU.ActiveCfg = Release|Any CPU
		{A108C7D0-3DD8-479E-8E13-D979874CBD74}.Release|Any CPU.Build.0 = Release|Any CPU
	EndGlobalSection
	GlobalSection(SolutionProperties) = preSolution
		HideSolutionNode = FALSE
	EndGlobalSection
EndGlobal
